
Microsoft Visual Studio Solution File, Format Version 12.00
# Visual Studio Version 16
VisualStudioVersion = 16.0.30804.86
MinimumVisualStudioVersion = 10.0.40219.1
Project("{FAE04EC0-301F-11D3-BF4B-00C04F79EFBC}") = "Models", "Models\Models.csproj", "{43660AB0-A787-435B-B8FB-323DE7551EE8}"
EndProject
Project("{FAE04EC0-301F-11D3-BF4B-00C04F79EFBC}") = "Views", "Views\Views.csproj", "{9BC214DF-6F1A-41CC-8E29-55395ABE18FE}"
EndProject
Project("{FAE04EC0-301F-11D3-BF4B-00C04F79EFBC}") = "Controllers", "Controllers\Controllers.csproj", "{4E7E6FD1-22CD-4F94-AC3A-61A638658A87}"
EndProject
Global
	GlobalSection(SolutionConfigurationPlatforms) = preSolution
		Debug|Any CPU = Debug|Any CPU
		Release|Any CPU = Release|Any CPU
	EndGlobalSection
	GlobalSection(ProjectConfigurationPlatforms) = postSolution
		{43660AB0-A787-435B-B8FB-323DE7551EE8}.Debug|Any CPU.ActiveCfg = Debug|Any CPU
		{43660AB0-A787-435B-B8FB-323DE7551EE8}.Debug|Any CPU.Build.0 = Debug|Any CPU
		{43660AB0-A787-435B-B8FB-323DE7551EE8}.Release|Any CPU.ActiveCfg = Release|Any CPU
		{43660AB0-A787-435B-B8FB-323DE7551EE8}.Release|Any CPU.Build.0 = Release|Any CPU
		{9BC214DF-6F1A-41CC-8E29-55395ABE18FE}.Debug|Any CPU.ActiveCfg = Debug|Any CPU
		{9BC214DF-6F1A-41CC-8E29-55395ABE18FE}.Debug|Any CPU.Build.0 = Debug|Any CPU
		{9BC214DF-6F1A-41CC-8E29-55395ABE18FE}.Release|Any CPU.ActiveCfg = Release|Any CPU
		{9BC214DF-6F1A-41CC-8E29-55395ABE18FE}.Release|Any CPU.Build.0 = Release|Any CPU
		{4E7E6FD1-22CD-4F94-AC3A-61A638658A87}.Debug|Any CPU.ActiveCfg = Debug|Any CPU
		{4E7E6FD1-22CD-4F94-AC3A-61A638658A87}.Debug|Any CPU.Build.0 = Debug|Any CPU
		{4E7E6FD1-22CD-4F94-AC3A-61A638658A87}.Release|Any CPU.ActiveCfg = Release|Any CPU
		{4E7E6FD1-22CD-4F94-AC3A-61A638658A87}.Release|Any CPU.Build.0 = Release|Any CPU
	EndGlobalSection
	GlobalSection(SolutionProperties) = preSolution
		HideSolutionNode = FALSE
	EndGlobalSection
	GlobalSection(ExtensibilityGlobals) = postSolution
		SolutionGuid = {0A7F4FBA-345F-4B7E-B375-D717B1F43DC7}
	EndGlobalSection
EndGlobal
